
Microsoft Visual Studio Solution File, Format Version 12.00
# Visual Studio Version 17
VisualStudioVersion = 17.8.34330.188
MinimumVisualStudioVersion = 10.0.40219.1
Project("{FAE04EC0-301F-11D3-BF4B-00C04F79EFBC}") = "BaseAPI", "BaseAPI\BaseAPI.csproj", "{8CA076A0-F1D4-41C2-BB98-AEB08321DBD3}"
EndProject
Global
	GlobalSection(SolutionConfigurationPlatforms) = preSolution
		Debug|Any CPU = Debug|Any CPU
		Release|Any CPU = Release|Any CPU
	EndGlobalSection
	GlobalSection(ProjectConfigurationPlatforms) = postSolution
		{8CA076A0-F1D4-41C2-BB98-AEB08321DBD3}.Debug|Any CPU.ActiveCfg = Debug|Any CPU
		{8CA076A0-F1D4-41C2-BB98-AEB08321DBD3}.Debug|Any CPU.Build.0 = Debug|Any CPU
		{8CA076A0-F1D4-41C2-BB98-AEB08321DBD3}.Release|Any CPU.ActiveCfg = Release|Any CPU
		{8CA076A0-F1D4-41C2-BB98-AEB08321DBD3}.Release|Any CPU.Build.0 = Release|Any CPU
	EndGlobalSection
	GlobalSection(SolutionProperties) = preSolution
		HideSolutionNode = FALSE
	EndGlobalSection
	GlobalSection(ExtensibilityGlobals) = postSolution
		SolutionGuid = {CB9FAB04-8DDA-4C27-8AD6-04F6D3758BE6}
	EndGlobalSection
EndGlobal
